
Microsoft Visual Studio Solution File, Format Version 12.00
# Visual Studio Version 17
VisualStudioVersion = 17.11.35312.102
MinimumVisualStudioVersion = 10.0.40219.1
Project("{FAE04EC0-301F-11D3-BF4B-00C04F79EFBC}") = "UWorld_UnhiddenMod", "UWorld_UnhiddenMod.csproj", "{F5F77D31-4799-4347-ABB9-2079F354B6F6}"
EndProject
Global
	GlobalSection(SolutionConfigurationPlatforms) = preSolution
		Debug|Any CPU = Debug|Any CPU
		Release|Any CPU = Release|Any CPU
	EndGlobalSection
	GlobalSection(ProjectConfigurationPlatforms) = postSolution
		{F5F77D31-4799-4347-ABB9-2079F354B6F6}.Debug|Any CPU.ActiveCfg = Debug|Any CPU
		{F5F77D31-4799-4347-ABB9-2079F354B6F6}.Debug|Any CPU.Build.0 = Debug|Any CPU
		{F5F77D31-4799-4347-ABB9-2079F354B6F6}.Release|Any CPU.ActiveCfg = Release|Any CPU
		{F5F77D31-4799-4347-ABB9-2079F354B6F6}.Release|Any CPU.Build.0 = Release|Any CPU
	EndGlobalSection
	GlobalSection(SolutionProperties) = preSolution
		HideSolutionNode = FALSE
	EndGlobalSection
	GlobalSection(ExtensibilityGlobals) = postSolution
		SolutionGuid = {A8590999-3CD0-4991-8490-C451BE9DC7E5}
	EndGlobalSection
EndGlobal
